
Microsoft Visual Studio Solution File, Format Version 12.00
# Visual Studio 15
VisualStudioVersion = 15.0.27428.1
MinimumVisualStudioVersion = 10.0.40219.1
Project("{FAE04EC0-301F-11D3-BF4B-00C04F79EFBC}") = "testgithub", "testgithub\testgithub.csproj", "{46AE7765-8CFE-4E13-A69C-F14A62CD7065}"
EndProject
Global
	GlobalSection(SolutionConfigurationPlatforms) = preSolution
		Debug|Any CPU = Debug|Any CPU
		Release|Any CPU = Release|Any CPU
	EndGlobalSection
	GlobalSection(ProjectConfigurationPlatforms) = postSolution
		{46AE7765-8CFE-4E13-A69C-F14A62CD7065}.Debug|Any CPU.ActiveCfg = Debug|Any CPU
		{46AE7765-8CFE-4E13-A69C-F14A62CD7065}.Debug|Any CPU.Build.0 = Debug|Any CPU
		{46AE7765-8CFE-4E13-A69C-F14A62CD7065}.Release|Any CPU.ActiveCfg = Release|Any CPU
		{46AE7765-8CFE-4E13-A69C-F14A62CD7065}.Release|Any CPU.Build.0 = Release|Any CPU
	EndGlobalSection
	GlobalSection(SolutionProperties) = preSolution
		HideSolutionNode = FALSE
	EndGlobalSection
	GlobalSection(ExtensibilityGlobals) = postSolution
		SolutionGuid = {09393FD4-6DA5-4D79-9D6F-81748666916D}
	EndGlobalSection
EndGlobal
